
Microsoft Visual Studio Solution File, Format Version 12.00
# Visual Studio Version 17
VisualStudioVersion = 17.7.34031.279
MinimumVisualStudioVersion = 10.0.40219.1
Project("{FAE04EC0-301F-11D3-BF4B-00C04F79EFBC}") = "as Phase1Section4.11", "as Phase1Section4.11\as Phase1Section4.11.csproj", "{59A6FE3B-6CD1-44BA-B0C7-45EBFF3045FC}"
EndProject
Global
	GlobalSection(SolutionConfigurationPlatforms) = preSolution
		Debug|Any CPU = Debug|Any CPU
		Release|Any CPU = Release|Any CPU
	EndGlobalSection
	GlobalSection(ProjectConfigurationPlatforms) = postSolution
		{59A6FE3B-6CD1-44BA-B0C7-45EBFF3045FC}.Debug|Any CPU.ActiveCfg = Debug|Any CPU
		{59A6FE3B-6CD1-44BA-B0C7-45EBFF3045FC}.Debug|Any CPU.Build.0 = Debug|Any CPU
		{59A6FE3B-6CD1-44BA-B0C7-45EBFF3045FC}.Release|Any CPU.ActiveCfg = Release|Any CPU
		{59A6FE3B-6CD1-44BA-B0C7-45EBFF3045FC}.Release|Any CPU.Build.0 = Release|Any CPU
	EndGlobalSection
	GlobalSection(SolutionProperties) = preSolution
		HideSolutionNode = FALSE
	EndGlobalSection
	GlobalSection(ExtensibilityGlobals) = postSolution
		SolutionGuid = {42AB5E4B-10F3-4B4D-8536-D7F3E80D38AC}
	EndGlobalSection
EndGlobal
